// !$*UTF8*$!
{
	archiveVersion = 1;
	classes = {
	};
	objectVersion = 46;
	objects = {

/* Begin PBXBuildFile section */
		9B3C15C11E7E781400A8E2D8 /* AppDelegate.swift in Sources */ = {isa = PBXBuildFile; fileRef = 9B3C15C01E7E781400A8E2D8 /* AppDelegate.swift */; };
		9B3C15C31E7E781400A8E2D8 /* ViewController.swift in Sources */ = {isa = PBXBuildFile; fileRef = 9B3C15C21E7E781400A8E2D8 /* ViewController.swift */; };
		9B3C15C81E7E781400A8E2D8 /* Assets.xcassets in Resources */ = {isa = PBXBuildFile; fileRef = 9B3C15C71E7E781400A8E2D8 /* Assets.xcassets */; };
		9B3C15CB1E7E781400A8E2D8 /* LaunchScreen.storyboard in Resources */ = {isa = PBXBuildFile; fileRef = 9B3C15C91E7E781400A8E2D8 /* LaunchScreen.storyboard */; };
		9B3C15D51E7E79F600A8E2D8 /* Realm.framework in Frameworks */ = {isa = PBXBuildFile; fileRef = 9B3C15D31E7E79F600A8E2D8 /* Realm.framework */; };
		9B3C15D61E7E79F600A8E2D8 /* RealmSwift.framework in Frameworks */ = {isa = PBXBuildFile; fileRef = 9B3C15D41E7E79F600A8E2D8 /* RealmSwift.framework */; };
		9B3C15D91E7E7B9100A8E2D8 /* Person.swift in Sources */ = {isa = PBXBuildFile; fileRef = 9B3C15D81E7E7B9100A8E2D8 /* Person.swift */; };
		9B6AA0C11E7FBA1B009C55DD /* DataStore.swift in Sources */ = {isa = PBXBuildFile; fileRef = 9B6AA0C01E7FBA1B009C55DD /* DataStore.swift */; };
/* End PBXBuildFile section */

/* Begin PBXFileReference section */
		9B3C15BD1E7E781400A8E2D8 /* RealmMigration.app */ = {isa = PBXFileReference; explicitFileType = wrapper.application; includeInIndex = 0; path = RealmMigration.app; sourceTree = BUILT_PRODUCTS_DIR; };
		9B3C15C01E7E781400A8E2D8 /* AppDelegate.swift */ = {isa = PBXFileReference; lastKnownFileType = sourcecode.swift; path = AppDelegate.swift; sourceTree = "<group>"; };
		9B3C15C21E7E781400A8E2D8 /* ViewController.swift */ = {isa = PBXFileReference; lastKnownFileType = sourcecode.swift; path = ViewController.swift; sourceTree = "<group>"; };
		9B3C15C71E7E781400A8E2D8 /* Assets.xcassets */ = {isa = PBXFileReference; lastKnownFileType = folder.assetcatalog; path = Assets.xcassets; sourceTree = "<group>"; };
		9B3C15CA1E7E781400A8E2D8 /* Base */ = {isa = PBXFileReference; lastKnownFileType = file.storyboard; name = Base; path = Base.lproj/LaunchScreen.storyboard; sourceTree = "<group>"; };
		9B3C15CC1E7E781400A8E2D8 /* Info.plist */ = {isa = PBXFileReference; lastKnownFileType = text.plist.xml; path = Info.plist; sourceTree = "<group>"; };
		9B3C15D31E7E79F600A8E2D8 /* Realm.framework */ = {isa = PBXFileReference; lastKnownFileType = wrapper.framework; name = Realm.framework; path = Carthage/Build/iOS/Realm.framework; sourceTree = "<group>"; };
		9B3C15D41E7E79F600A8E2D8 /* RealmSwift.framework */ = {isa = PBXFileReference; lastKnownFileType = wrapper.framework; name = RealmSwift.framework; path = Carthage/Build/iOS/RealmSwift.framework; sourceTree = "<group>"; };
		9B3C15D81E7E7B9100A8E2D8 /* Person.swift */ = {isa = PBXFileReference; fileEncoding = 4; lastKnownFileType = sourcecode.swift; path = Person.swift; sourceTree = "<group>"; };
		9B6AA0C01E7FBA1B009C55DD /* DataStore.swift */ = {isa = PBXFileReference; fileEncoding = 4; lastKnownFileType = sourcecode.swift; path = DataStore.swift; sourceTree = "<group>"; };
/* End PBXFileReference section */

/* Begin PBXFrameworksBuildPhase section */
		9B3C15BA1E7E781300A8E2D8 /* Frameworks */ = {
			isa = PBXFrameworksBuildPhase;
			buildActionMask = 2147483647;
			files = (
				9B3C15D51E7E79F600A8E2D8 /* Realm.framework in Frameworks */,
				9B3C15D61E7E79F600A8E2D8 /* RealmSwift.framework in Frameworks */,
			);
			runOnlyForDeploymentPostprocessing = 0;
		};
/* End PBXFrameworksBuildPhase section */

/* Begin PBXGroup section */
		9B3C15B41E7E781300A8E2D8 = {
			isa = PBXGroup;
			children = (
				9B3C15BF1E7E781400A8E2D8 /* RealmMigration */,
				9B3C15BE1E7E781400A8E2D8 /* Products */,
				9B3C15D21E7E79F600A8E2D8 /* Frameworks */,
			);
			sourceTree = "<group>";
		};
		9B3C15BE1E7E781400A8E2D8 /* Products */ = {
			isa = PBXGroup;
			children = (
				9B3C15BD1E7E781400A8E2D8 /* RealmMigration.app */,
			);
			name = Products;
			sourceTree = "<group>";
		};
		9B3C15BF1E7E781400A8E2D8 /* RealmMigration */ = {
			isa = PBXGroup;
			children = (
				9B3C15C01E7E781400A8E2D8 /* AppDelegate.swift */,
				9B3C15C21E7E781400A8E2D8 /* ViewController.swift */,
				9B3C15C71E7E781400A8E2D8 /* Assets.xcassets */,
				9B3C15C91E7E781400A8E2D8 /* LaunchScreen.storyboard */,
				9B3C15CC1E7E781400A8E2D8 /* Info.plist */,
				9B3C15D81E7E7B9100A8E2D8 /* Person.swift */,
				9B6AA0C01E7FBA1B009C55DD /* DataStore.swift */,
			);
			path = RealmMigration;
			sourceTree = "<group>";
		};
		9B3C15D21E7E79F600A8E2D8 /* Frameworks */ = {
			isa = PBXGroup;
			children = (
				9B3C15D31E7E79F600A8E2D8 /* Realm.framework */,
				9B3C15D41E7E79F600A8E2D8 /* RealmSwift.framework */,
			);
			name = Frameworks;
			sourceTree = "<group>";
		};
/* End PBXGroup section */

/* Begin PBXNativeTarget section */
		9B3C15BC1E7E781300A8E2D8 /* RealmMigration */ = {
			isa = PBXNativeTarget;
			buildConfigurationList = 9B3C15CF1E7E781400A8E2D8 /* Build configuration list for PBXNativeTarget "RealmMigration" */;
			buildPhases = (
				9B3C15B91E7E781300A8E2D8 /* Sources */,
				9B3C15BA1E7E781300A8E2D8 /* Frameworks */,
				9B3C15BB1E7E781300A8E2D8 /* Resources */,
				9B3C15D71E7E7A0B00A8E2D8 /* Carthage */,
			);
			buildRules = (
			);
			dependencies = (
			);
			name = RealmMigration;
			productName = RealmMigration;
			productReference = 9B3C15BD1E7E781400A8E2D8 /* RealmMigration.app */;
			productType = "com.apple.product-type.application";
		};
/* End PBXNativeTarget section */

/* Begin PBXProject section */
		9B3C15B51E7E781300A8E2D8 /* Project object */ = {
			isa = PBXProject;
			attributes = {
				LastSwiftUpdateCheck = 0820;
				LastUpgradeCheck = 0820;
				ORGANIZATIONNAME = ShengHuaWu;
				TargetAttributes = {
					9B3C15BC1E7E781300A8E2D8 = {
						CreatedOnToolsVersion = 8.2.1;
						DevelopmentTeam = 69ZK2DH65L;
						ProvisioningStyle = Automatic;
					};
				};
			};
			buildConfigurationList = 9B3C15B81E7E781300A8E2D8 /* Build configuration list for PBXProject "RealmMigration" */;
			compatibilityVersion = "Xcode 3.2";
			developmentRegion = English;
			hasScannedForEncodings = 0;
			knownRegions = (
				en,
				Base,
			);
			mainGroup = 9B3C15B41E7E781300A8E2D8;
			productRefGroup = 9B3C15BE1E7E781400A8E2D8 /* Products */;
			projectDirPath = "";
			projectRoot = "";
			targets = (
				9B3C15BC1E7E781300A8E2D8 /* RealmMigration */,
			);
		};
/* End PBXProject section */

/* Begin PBXResourcesBuildPhase section */
		9B3C15BB1E7E781300A8E2D8 /* Resources */ = {
			isa = PBXResourcesBuildPhase;
			buildActionMask = 2147483647;
			files = (
				9B3C15CB1E7E781400A8E2D8 /* LaunchScreen.storyboard in Resources */,
				9B3C15C81E7E781400A8E2D8 /* Assets.xcassets in Resources */,
			);
			runOnlyForDeploymentPostprocessing = 0;
		};
/* End PBXResourcesBuildPhase section */

/* Begin PBXShellScriptBuildPhase section */
		9B3C15D71E7E7A0B00A8E2D8 /* Carthage */ = {
			isa = PBXShellScriptBuildPhase;
			buildActionMask = 2147483647;
			files = (
			);
			inputPaths = (
				"$(SRCROOT)/Carthage/Build/iOS/Realm.framework",
				"$(SRCROOT)/Carthage/Build/iOS/RealmSwift.framework",
			);
			name = Carthage;
			outputPaths = (
			);
			runOnlyForDeploymentPostprocessing = 0;
			shellPath = /bin/sh;
			shellScript = "/usr/local/bin/carthage copy-frameworks";
		};
/* End PBXShellScriptBuildPhase section */

/* Begin PBXSourcesBuildPhase section */
		9B3C15B91E7E781300A8E2D8 /* Sources */ = {
			isa = PBXSourcesBuildPhase;
			buildActionMask = 2147483647;
			files = (
				9B3C15D91E7E7B9100A8E2D8 /* Person.swift in Sources */,
				9B6AA0C11E7FBA1B009C55DD /* DataStore.swift in Sources */,
				9B3C15C31E7E781400A8E2D8 /* ViewController.swift in Sources */,
				9B3C15C11E7E781400A8E2D8 /* AppDelegate.swift in Sources */,
			);
			runOnlyForDeploymentPostprocessing = 0;
		};
/* End PBXSourcesBuildPhase section */

/* Begin PBXVariantGroup section */
		9B3C15C91E7E781400A8E2D8 /* LaunchScreen.storyboard */ = {
			isa = PBXVariantGroup;
			children = (
				9B3C15CA1E7E781400A8E2D8 /* Base */,
			);
			name = LaunchScreen.storyboard;
			sourceTree = "<group>";
		};
/* End PBXVariantGroup section */

/* Begin XCBuildConfiguration section */
		9B3C15CD1E7E781400A8E2D8 /* Debug */ = {
			isa = XCBuildConfiguration;
			buildSettings = {
				ALWAYS_SEARCH_USER_PATHS = NO;
				CLANG_ANALYZER_NONNULL = YES;
				CLANG_CXX_LANGUAGE_STANDARD = "gnu++0x";
				CLANG_CXX_LIBRARY = "libc++";
				CLANG_ENABLE_MODULES = YES;
				CLANG_ENABLE_OBJC_ARC = YES;
				CLANG_WARN_BOOL_CONVERSION = YES;
				CLANG_WARN_CONSTANT_CONVERSION = YES;
				CLANG_WARN_DIRECT_OBJC_ISA_USAGE = YES_ERROR;
				CLANG_WARN_DOCUMENTATION_COMMENTS = YES;
				CLANG_WARN_EMPTY_BODY = YES;
				CLANG_WARN_ENUM_CONVERSION = YES;
				CLANG_WARN_INFINITE_RECURSION = YES;
				CLANG_WARN_INT_CONVERSION = YES;
				CLANG_WARN_OBJC_ROOT_CLASS = YES_ERROR;
				CLANG_WARN_SUSPICIOUS_MOVE = YES;
				CLANG_WARN_UNREACHABLE_CODE = YES;
				CLANG_WARN__DUPLICATE_METHOD_MATCH = YES;
				"CODE_SIGN_IDENTITY[sdk=iphoneos*]" = "iPhone Developer";
				COPY_PHASE_STRIP = NO;
				DEBUG_INFORMATION_FORMAT = dwarf;
				ENABLE_STRICT_OBJC_MSGSEND = YES;
				ENABLE_TESTABILITY = YES;
				GCC_C_LANGUAGE_STANDARD = gnu99;
				GCC_DYNAMIC_NO_PIC = NO;
				GCC_NO_COMMON_BLOCKS = YES;
				GCC_OPTIMIZATION_LEVEL = 0;
				GCC_PREPROCESSOR_DEFINITIONS = (
					"DEBUG=1",
					"$(inherited)",
				);
				GCC_WARN_64_TO_32_BIT_CONVERSION = YES;
				GCC_WARN_ABOUT_RETURN_TYPE = YES_ERROR;
				GCC_WARN_UNDECLARED_SELECTOR = YES;
				GCC_WARN_UNINITIALIZED_AUTOS = YES_AGGRESSIVE;
				GCC_WARN_UNUSED_FUNCTION = YES;
				GCC_WARN_UNUSED_VARIABLE = YES;
				IPHONEOS_DEPLOYMENT_TARGET = 10.2;
				MTL_ENABLE_DEBUG_INFO = YES;
				ONLY_ACTIVE_ARCH = YES;
				SDKROOT = iphoneos;
				SWIFT_ACTIVE_COMPILATION_CONDITIONS = DEBUG;
				SWIFT_OPTIMIZATION_LEVEL = "-Onone";
			};
			name = Debug;
		};
		9B3C15CE1E7E781400A8E2D8 /* Release */ = {
			isa = XCBuildConfiguration;
			buildSettings = {
				ALWAYS_SEARCH_USER_PATHS = NO;
				CLANG_ANALYZER_NONNULL = YES;
				CLANG_CXX_LANGUAGE_STANDARD = "gnu++0x";
				CLANG_CXX_LIBRARY = "libc++";
				CLANG_ENABLE_MODULES = YES;
				CLANG_ENABLE_OBJC_ARC = YES;
				CLANG_WARN_BOOL_CONVERSION = YES;
				CLANG_WARN_CONSTANT_CONVERSION = YES;
				CLANG_WARN_DIRECT_OBJC_ISA_USAGE = YES_ERROR;
				CLANG_WARN_DOCUMENTATION_COMMENTS = YES;
				CLANG_WARN_EMPTY_BODY = YES;
				CLANG_WARN_ENUM_CONVERSION = YES;
				CLANG_WARN_INFINITE_RECURSION = YES;
				CLANG_WARN_INT_CONVERSION = YES;
				CLANG_WARN_OBJC_ROOT_CLASS = YES_ERROR;
				CLANG_WARN_SUSPICIOUS_MOVE = YES;
				CLANG_WARN_UNREACHABLE_CODE = YES;
				CLANG_WARN__DUPLICATE_METHOD_MATCH = YES;
				"CODE_SIGN_IDENTITY[sdk=iphoneos*]" = "iPhone Developer";
				COPY_PHASE_STRIP = NO;
				DEBUG_INFORMATION_FORMAT = "dwarf-with-dsym";
				ENABLE_NS_ASSERTIONS = NO;
				ENABLE_STRICT_OBJC_MSGSEND = YES;
				GCC_C_LANGUAGE_STANDARD = gnu99;
				GCC_NO_COMMON_BLOCKS = YES;
				GCC_WARN_64_TO_32_BIT_CONVERSION = YES;
				GCC_WARN_ABOUT_RETURN_TYPE = YES_ERROR;
				GCC_WARN_UNDECLARED_SELECTOR = YES;
				GCC_WARN_UNINITIALIZED_AUTOS = YES_AGGRESSIVE;
				GCC_WARN_UNUSED_FUNCTION = YES;
				GCC_WARN_UNUSED_VARIABLE = YES;
				IPHONEOS_DEPLOYMENT_TARGET = 10.2;
				MTL_ENABLE_DEBUG_INFO = NO;
				SDKROOT = iphoneos;
				SWIFT_OPTIMIZATION_LEVEL = "-Owholemodule";
				VALIDATE_PRODUCT = YES;
			};
			name = Release;
		};
		9B3C15D01E7E781400A8E2D8 /* Debug */ = {
			isa = XCBuildConfiguration;
			buildSettings = {
				ASSETCATALOG_COMPILER_APPICON_NAME = AppIcon;
				DEVELOPMENT_TEAM = 69ZK2DH65L;
				FRAMEWORK_SEARCH_PATHS = (
					"$(inherited)",
					"$(PROJECT_DIR)/Carthage/Build/iOS",
				);
				INFOPLIST_FILE = RealmMigration/Info.plist;
				LD_RUNPATH_SEARCH_PATHS = "$(inherited) @executable_path/Frameworks";
				PRODUCT_BUNDLE_IDENTIFIER = com.shenghuawu.RealmMigration;
				PRODUCT_NAME = "$(TARGET_NAME)";
				SWIFT_VERSION = 3.0;
			};
			name = Debug;
		};
		9B3C15D11E7E781400A8E2D8 /* Release */ = {
			isa = XCBuildConfiguration;
			buildSettings = {
				ASSETCATALOG_COMPILER_APPICON_NAME = AppIcon;
				DEVELOPMENT_TEAM = 69ZK2DH65L;
				FRAMEWORK_SEARCH_PATHS = (
					"$(inherited)",
					"$(PROJECT_DIR)/Carthage/Build/iOS",
				);
				INFOPLIST_FILE = RealmMigration/Info.plist;
				LD_RUNPATH_SEARCH_PATHS = "$(inherited) @executable_path/Frameworks";
				PRODUCT_BUNDLE_IDENTIFIER = com.shenghuawu.RealmMigration;
				PRODUCT_NAME = "$(TARGET_NAME)";
				SWIFT_VERSION = 3.0;
			};
			name = Release;
		};
/* End XCBuildConfiguration section */

/* Begin XCConfigurationList section */
		9B3C15B81E7E781300A8E2D8 /* Build configuration list for PBXProject "RealmMigration" */ = {
			isa = XCConfigurationList;
			buildConfigurations = (
				9B3C15CD1E7E781400A8E2D8 /* Debug */,
				9B3C15CE1E7E781400A8E2D8 /* Release */,
			);
			defaultConfigurationIsVisible = 0;
			defaultConfigurationName = Release;
		};
		9B3C15CF1E7E781400A8E2D8 /* Build configuration list for PBXNativeTarget "RealmMigration" */ = {
			isa = XCConfigurationList;
			buildConfigurations = (
				9B3C15D01E7E781400A8E2D8 /* Debug */,
				9B3C15D11E7E781400A8E2D8 /* Release */,
			);
			defaultConfigurationIsVisible = 0;
			defaultConfigurationName = Release;
		};
/* End XCConfigurationList section */
	};
	rootObject = 9B3C15B51E7E781300A8E2D8 /* Project object */;
}
